// !$*UTF8*$!
{
	archiveVersion = 1;
	classes = {
	};
	objectVersion = 46;
	objects = {

/* Begin PBXBuildFile section */
		947DF9C31CBFB32200892ECB /* main.m in Sources */ = {isa = PBXBuildFile; fileRef = 947DF9C21CBFB32200892ECB /* main.m */; };
		947DF9C61CBFB32200892ECB /* AppDelegate.m in Sources */ = {isa = PBXBuildFile; fileRef = 947DF9C51CBFB32200892ECB /* AppDelegate.m */; };
		947DF9C91CBFB32200892ECB /* ViewController.m in Sources */ = {isa = PBXBuildFile; fileRef = 947DF9C81CBFB32200892ECB /* ViewController.m */; };
		947DF9CC1CBFB32200892ECB /* Main.storyboard in Resources */ = {isa = PBXBuildFile; fileRef = 947DF9CA1CBFB32200892ECB /* Main.storyboard */; };
		947DF9CE1CBFB32200892ECB /* Assets.xcassets in Resources */ = {isa = PBXBuildFile; fileRef = 947DF9CD1CBFB32200892ECB /* Assets.xcassets */; };
		947DF9D11CBFB32200892ECB /* LaunchScreen.storyboard in Resources */ = {isa = PBXBuildFile; fileRef = 947DF9CF1CBFB32200892ECB /* LaunchScreen.storyboard */; };
		947DF9DB1CBFB40700892ECB /* JXVerticalFlowLayout.m in Sources */ = {isa = PBXBuildFile; fileRef = 947DF9DA1CBFB40700892ECB /* JXVerticalFlowLayout.m */; };
		947DF9DE1CBFB4C000892ECB /* CollectionViewCell.m in Sources */ = {isa = PBXBuildFile; fileRef = 947DF9DD1CBFB4C000892ECB /* CollectionViewCell.m */; };
		947DF9E11CBFB4D100892ECB /* CollectionReusableView.m in Sources */ = {isa = PBXBuildFile; fileRef = 947DF9E01CBFB4D100892ECB /* CollectionReusableView.m */; };
/* End PBXBuildFile section */

/* Begin PBXFileReference section */
		947DF9BE1CBFB32200892ECB /* JXFlowLayoutDemo.app */ = {isa = PBXFileReference; explicitFileType = wrapper.application; includeInIndex = 0; path = JXFlowLayoutDemo.app; sourceTree = BUILT_PRODUCTS_DIR; };
		947DF9C21CBFB32200892ECB /* main.m */ = {isa = PBXFileReference; lastKnownFileType = sourcecode.c.objc; path = main.m; sourceTree = "<group>"; };
		947DF9C41CBFB32200892ECB /* AppDelegate.h */ = {isa = PBXFileReference; lastKnownFileType = sourcecode.c.h; path = AppDelegate.h; sourceTree = "<group>"; };
		947DF9C51CBFB32200892ECB /* AppDelegate.m */ = {isa = PBXFileReference; lastKnownFileType = sourcecode.c.objc; path = AppDelegate.m; sourceTree = "<group>"; };
		947DF9C71CBFB32200892ECB /* ViewController.h */ = {isa = PBXFileReference; lastKnownFileType = sourcecode.c.h; path = ViewController.h; sourceTree = "<group>"; };
		947DF9C81CBFB32200892ECB /* ViewController.m */ = {isa = PBXFileReference; lastKnownFileType = sourcecode.c.objc; path = ViewController.m; sourceTree = "<group>"; };
		947DF9CB1CBFB32200892ECB /* Base */ = {isa = PBXFileReference; lastKnownFileType = file.storyboard; name = Base; path = Base.lproj/Main.storyboard; sourceTree = "<group>"; };
		947DF9CD1CBFB32200892ECB /* Assets.xcassets */ = {isa = PBXFileReference; lastKnownFileType = folder.assetcatalog; path = Assets.xcassets; sourceTree = "<group>"; };
		947DF9D01CBFB32200892ECB /* Base */ = {isa = PBXFileReference; lastKnownFileType = file.storyboard; name = Base; path = Base.lproj/LaunchScreen.storyboard; sourceTree = "<group>"; };
		947DF9D21CBFB32200892ECB /* Info.plist */ = {isa = PBXFileReference; lastKnownFileType = text.plist.xml; path = Info.plist; sourceTree = "<group>"; };
		947DF9D91CBFB40700892ECB /* JXVerticalFlowLayout.h */ = {isa = PBXFileReference; fileEncoding = 4; lastKnownFileType = sourcecode.c.h; path = JXVerticalFlowLayout.h; sourceTree = "<group>"; };
		947DF9DA1CBFB40700892ECB /* JXVerticalFlowLayout.m */ = {isa = PBXFileReference; fileEncoding = 4; lastKnownFileType = sourcecode.c.objc; path = JXVerticalFlowLayout.m; sourceTree = "<group>"; };
		947DF9DC1CBFB4C000892ECB /* CollectionViewCell.h */ = {isa = PBXFileReference; fileEncoding = 4; lastKnownFileType = sourcecode.c.h; path = CollectionViewCell.h; sourceTree = "<group>"; };
		947DF9DD1CBFB4C000892ECB /* CollectionViewCell.m */ = {isa = PBXFileReference; fileEncoding = 4; lastKnownFileType = sourcecode.c.objc; path = CollectionViewCell.m; sourceTree = "<group>"; };
		947DF9DF1CBFB4D100892ECB /* CollectionReusableView.h */ = {isa = PBXFileReference; fileEncoding = 4; lastKnownFileType = sourcecode.c.h; path = CollectionReusableView.h; sourceTree = "<group>"; };
		947DF9E01CBFB4D100892ECB /* CollectionReusableView.m */ = {isa = PBXFileReference; fileEncoding = 4; lastKnownFileType = sourcecode.c.objc; path = CollectionReusableView.m; sourceTree = "<group>"; };
/* End PBXFileReference section */

/* Begin PBXFrameworksBuildPhase section */
		947DF9BB1CBFB32200892ECB /* Frameworks */ = {
			isa = PBXFrameworksBuildPhase;
			buildActionMask = 2147483647;
			files = (
			);
			runOnlyForDeploymentPostprocessing = 0;
		};
/* End PBXFrameworksBuildPhase section */

/* Begin PBXGroup section */
		947DF9B51CBFB32200892ECB = {
			isa = PBXGroup;
			children = (
				947DF9C01CBFB32200892ECB /* JXFlowLayoutDemo */,
				947DF9BF1CBFB32200892ECB /* Products */,
			);
			sourceTree = "<group>";
		};
		947DF9BF1CBFB32200892ECB /* Products */ = {
			isa = PBXGroup;
			children = (
				947DF9BE1CBFB32200892ECB /* JXFlowLayoutDemo.app */,
			);
			name = Products;
			sourceTree = "<group>";
		};
		947DF9C01CBFB32200892ECB /* JXFlowLayoutDemo */ = {
			isa = PBXGroup;
			children = (
				947DF9C41CBFB32200892ECB /* AppDelegate.h */,
				947DF9C51CBFB32200892ECB /* AppDelegate.m */,
				947DF9C71CBFB32200892ECB /* ViewController.h */,
				947DF9C81CBFB32200892ECB /* ViewController.m */,
				947DF9DF1CBFB4D100892ECB /* CollectionReusableView.h */,
				947DF9E01CBFB4D100892ECB /* CollectionReusableView.m */,
				947DF9DC1CBFB4C000892ECB /* CollectionViewCell.h */,
				947DF9DD1CBFB4C000892ECB /* CollectionViewCell.m */,
				947DF9D81CBFB40700892ECB /* JXVerticalFlowLayout */,
				947DF9CA1CBFB32200892ECB /* Main.storyboard */,
				947DF9CD1CBFB32200892ECB /* Assets.xcassets */,
				947DF9CF1CBFB32200892ECB /* LaunchScreen.storyboard */,
				947DF9D21CBFB32200892ECB /* Info.plist */,
				947DF9C11CBFB32200892ECB /* Supporting Files */,
			);
			path = JXFlowLayoutDemo;
			sourceTree = "<group>";
		};
		947DF9C11CBFB32200892ECB /* Supporting Files */ = {
			isa = PBXGroup;
			children = (
				947DF9C21CBFB32200892ECB /* main.m */,
			);
			name = "Supporting Files";
			sourceTree = "<group>";
		};
		947DF9D81CBFB40700892ECB /* JXVerticalFlowLayout */ = {
			isa = PBXGroup;
			children = (
				947DF9D91CBFB40700892ECB /* JXVerticalFlowLayout.h */,
				947DF9DA1CBFB40700892ECB /* JXVerticalFlowLayout.m */,
			);
			path = JXVerticalFlowLayout;
			sourceTree = "<group>";
		};
/* End PBXGroup section */

/* Begin PBXNativeTarget section */
		947DF9BD1CBFB32200892ECB /* JXFlowLayoutDemo */ = {
			isa = PBXNativeTarget;
			buildConfigurationList = 947DF9D51CBFB32200892ECB /* Build configuration list for PBXNativeTarget "JXFlowLayoutDemo" */;
			buildPhases = (
				947DF9BA1CBFB32200892ECB /* Sources */,
				947DF9BB1CBFB32200892ECB /* Frameworks */,
				947DF9BC1CBFB32200892ECB /* Resources */,
			);
			buildRules = (
			);
			dependencies = (
			);
			name = JXFlowLayoutDemo;
			productName = JXFlowLayoutDemo;
			productReference = 947DF9BE1CBFB32200892ECB /* JXFlowLayoutDemo.app */;
			productType = "com.apple.product-type.application";
		};
/* End PBXNativeTarget section */

/* Begin PBXProject section */
		947DF9B61CBFB32200892ECB /* Project object */ = {
			isa = PBXProject;
			attributes = {
				LastUpgradeCheck = 0720;
				ORGANIZATIONNAME = LiangJiongXing;
				TargetAttributes = {
					947DF9BD1CBFB32200892ECB = {
						CreatedOnToolsVersion = 7.2.1;
					};
				};
			};
			buildConfigurationList = 947DF9B91CBFB32200892ECB /* Build configuration list for PBXProject "JXFlowLayoutDemo" */;
			compatibilityVersion = "Xcode 3.2";
			developmentRegion = English;
			hasScannedForEncodings = 0;
			knownRegions = (
				en,
				Base,
			);
			mainGroup = 947DF9B51CBFB32200892ECB;
			productRefGroup = 947DF9BF1CBFB32200892ECB /* Products */;
			projectDirPath = "";
			projectRoot = "";
			targets = (
				947DF9BD1CBFB32200892ECB /* JXFlowLayoutDemo */,
			);
		};
/* End PBXProject section */

/* Begin PBXResourcesBuildPhase section */
		947DF9BC1CBFB32200892ECB /* Resources */ = {
			isa = PBXResourcesBuildPhase;
			buildActionMask = 2147483647;
			files = (
				947DF9D11CBFB32200892ECB /* LaunchScreen.storyboard in Resources */,
				947DF9CE1CBFB32200892ECB /* Assets.xcassets in Resources */,
				947DF9CC1CBFB32200892ECB /* Main.storyboard in Resources */,
			);
			runOnlyForDeploymentPostprocessing = 0;
		};
/* End PBXResourcesBuildPhase section */

/* Begin PBXSourcesBuildPhase section */
		947DF9BA1CBFB32200892ECB /* Sources */ = {
			isa = PBXSourcesBuildPhase;
			buildActionMask = 2147483647;
			files = (
				947DF9C91CBFB32200892ECB /* ViewController.m in Sources */,
				947DF9DE1CBFB4C000892ECB /* CollectionViewCell.m in Sources */,
				947DF9C61CBFB32200892ECB /* AppDelegate.m in Sources */,
				947DF9C31CBFB32200892ECB /* main.m in Sources */,
				947DF9DB1CBFB40700892ECB /* JXVerticalFlowLayout.m in Sources */,
				947DF9E11CBFB4D100892ECB /* CollectionReusableView.m in Sources */,
			);
			runOnlyForDeploymentPostprocessing = 0;
		};
/* End PBXSourcesBuildPhase section */

/* Begin PBXVariantGroup section */
		947DF9CA1CBFB32200892ECB /* Main.storyboard */ = {
			isa = PBXVariantGroup;
			children = (
				947DF9CB1CBFB32200892ECB /* Base */,
			);
			name = Main.storyboard;
			sourceTree = "<group>";
		};
		947DF9CF1CBFB32200892ECB /* LaunchScreen.storyboard */ = {
			isa = PBXVariantGroup;
			children = (
				947DF9D01CBFB32200892ECB /* Base */,
			);
			name = LaunchScreen.storyboard;
			sourceTree = "<group>";
		};
/* End PBXVariantGroup section */

/* Begin XCBuildConfiguration section */
		947DF9D31CBFB32200892ECB /* Debug */ = {
			isa = XCBuildConfiguration;
			buildSettings = {
				ALWAYS_SEARCH_USER_PATHS = NO;
				CLANG_CXX_LANGUAGE_STANDARD = "gnu++0x";
				CLANG_CXX_LIBRARY = "libc++";
				CLANG_ENABLE_MODULES = YES;
				CLANG_ENABLE_OBJC_ARC = YES;
				CLANG_WARN_BOOL_CONVERSION = YES;
				CLANG_WARN_CONSTANT_CONVERSION = YES;
				CLANG_WARN_DIRECT_OBJC_ISA_USAGE = YES_ERROR;
				CLANG_WARN_EMPTY_BODY = YES;
				CLANG_WARN_ENUM_CONVERSION = YES;
				CLANG_WARN_INT_CONVERSION = YES;
				CLANG_WARN_OBJC_ROOT_CLASS = YES_ERROR;
				CLANG_WARN_UNREACHABLE_CODE = YES;
				CLANG_WARN__DUPLICATE_METHOD_MATCH = YES;
				"CODE_SIGN_IDENTITY[sdk=iphoneos*]" = "iPhone Developer";
				COPY_PHASE_STRIP = NO;
				DEBUG_INFORMATION_FORMAT = dwarf;
				ENABLE_STRICT_OBJC_MSGSEND = YES;
				ENABLE_TESTABILITY = YES;
				GCC_C_LANGUAGE_STANDARD = gnu99;
				GCC_DYNAMIC_NO_PIC = NO;
				GCC_NO_COMMON_BLOCKS = YES;
				GCC_OPTIMIZATION_LEVEL = 0;
				GCC_PREPROCESSOR_DEFINITIONS = (
					"DEBUG=1",
					"$(inherited)",
				);
				GCC_WARN_64_TO_32_BIT_CONVERSION = YES;
				GCC_WARN_ABOUT_RETURN_TYPE = YES_ERROR;
				GCC_WARN_UNDECLARED_SELECTOR = YES;
				GCC_WARN_UNINITIALIZED_AUTOS = YES_AGGRESSIVE;
				GCC_WARN_UNUSED_FUNCTION = YES;
				GCC_WARN_UNUSED_VARIABLE = YES;
				IPHONEOS_DEPLOYMENT_TARGET = 9.2;
				MTL_ENABLE_DEBUG_INFO = YES;
				ONLY_ACTIVE_ARCH = YES;
				SDKROOT = iphoneos;
			};
			name = Debug;
		};
		947DF9D41CBFB32200892ECB /* Release */ = {
			isa = XCBuildConfiguration;
			buildSettings = {
				ALWAYS_SEARCH_USER_PATHS = NO;
				CLANG_CXX_LANGUAGE_STANDARD = "gnu++0x";
				CLANG_CXX_LIBRARY = "libc++";
				CLANG_ENABLE_MODULES = YES;
				CLANG_ENABLE_OBJC_ARC = YES;
				CLANG_WARN_BOOL_CONVERSION = YES;
				CLANG_WARN_CONSTANT_CONVERSION = YES;
				CLANG_WARN_DIRECT_OBJC_ISA_USAGE = YES_ERROR;
				CLANG_WARN_EMPTY_BODY = YES;
				CLANG_WARN_ENUM_CONVERSION = YES;
				CLANG_WARN_INT_CONVERSION = YES;
				CLANG_WARN_OBJC_ROOT_CLASS = YES_ERROR;
				CLANG_WARN_UNREACHABLE_CODE = YES;
				CLANG_WARN__DUPLICATE_METHOD_MATCH = YES;
				"CODE_SIGN_IDENTITY[sdk=iphoneos*]" = "iPhone Developer";
				COPY_PHASE_STRIP = NO;
				DEBUG_INFORMATION_FORMAT = "dwarf-with-dsym";
				ENABLE_NS_ASSERTIONS = NO;
				ENABLE_STRICT_OBJC_MSGSEND = YES;
				GCC_C_LANGUAGE_STANDARD = gnu99;
				GCC_NO_COMMON_BLOCKS = YES;
				GCC_WARN_64_TO_32_BIT_CONVERSION = YES;
				GCC_WARN_ABOUT_RETURN_TYPE = YES_ERROR;
				GCC_WARN_UNDECLARED_SELECTOR = YES;
				GCC_WARN_UNINITIALIZED_AUTOS = YES_AGGRESSIVE;
				GCC_WARN_UNUSED_FUNCTION = YES;
				GCC_WARN_UNUSED_VARIABLE = YES;
				IPHONEOS_DEPLOYMENT_TARGET = 9.2;
				MTL_ENABLE_DEBUG_INFO = NO;
				SDKROOT = iphoneos;
				VALIDATE_PRODUCT = YES;
			};
			name = Release;
		};
		947DF9D61CBFB32200892ECB /* Debug */ = {
			isa = XCBuildConfiguration;
			buildSettings = {
				ASSETCATALOG_COMPILER_APPICON_NAME = AppIcon;
				INFOPLIST_FILE = JXFlowLayoutDemo/Info.plist;
				LD_RUNPATH_SEARCH_PATHS = "$(inherited) @executable_path/Frameworks";
				PRODUCT_BUNDLE_IDENTIFIER = com.jiongxing.JXFlowLayoutDemo;
				PRODUCT_NAME = "$(TARGET_NAME)";
			};
			name = Debug;
		};
		947DF9D71CBFB32200892ECB /* Release */ = {
			isa = XCBuildConfiguration;
			buildSettings = {
				ASSETCATALOG_COMPILER_APPICON_NAME = AppIcon;
				INFOPLIST_FILE = JXFlowLayoutDemo/Info.plist;
				LD_RUNPATH_SEARCH_PATHS = "$(inherited) @executable_path/Frameworks";
				PRODUCT_BUNDLE_IDENTIFIER = com.jiongxing.JXFlowLayoutDemo;
				PRODUCT_NAME = "$(TARGET_NAME)";
			};
			name = Release;
		};
/* End XCBuildConfiguration section */

/* Begin XCConfigurationList section */
		947DF9B91CBFB32200892ECB /* Build configuration list for PBXProject "JXFlowLayoutDemo" */ = {
			isa = XCConfigurationList;
			buildConfigurations = (
				947DF9D31CBFB32200892ECB /* Debug */,
				947DF9D41CBFB32200892ECB /* Release */,
			);
			defaultConfigurationIsVisible = 0;
			defaultConfigurationName = Release;
		};
		947DF9D51CBFB32200892ECB /* Build configuration list for PBXNativeTarget "JXFlowLayoutDemo" */ = {
			isa = XCConfigurationList;
			buildConfigurations = (
				947DF9D61CBFB32200892ECB /* Debug */,
				947DF9D71CBFB32200892ECB /* Release */,
			);
			defaultConfigurationIsVisible = 0;
			defaultConfigurationName = Release;
		};
/* End XCConfigurationList section */
	};
	rootObject = 947DF9B61CBFB32200892ECB /* Project object */;
}
